
Microsoft Visual Studio Solution File, Format Version 12.00
# Visual Studio Version 16
VisualStudioVersion = 16.0.32228.343
MinimumVisualStudioVersion = 10.0.40219.1
Project("{FAE04EC0-301F-11D3-BF4B-00C04F79EFBC}") = "raktar", "raktar\raktar.csproj", "{1BF407FF-5FAE-4668-89FB-65B85EB19E1D}"
EndProject
Global
	GlobalSection(SolutionConfigurationPlatforms) = preSolution
		Debug|Any CPU = Debug|Any CPU
		Release|Any CPU = Release|Any CPU
	EndGlobalSection
	GlobalSection(ProjectConfigurationPlatforms) = postSolution
		{1BF407FF-5FAE-4668-89FB-65B85EB19E1D}.Debug|Any CPU.ActiveCfg = Debug|Any CPU
		{1BF407FF-5FAE-4668-89FB-65B85EB19E1D}.Debug|Any CPU.Build.0 = Debug|Any CPU
		{1BF407FF-5FAE-4668-89FB-65B85EB19E1D}.Release|Any CPU.ActiveCfg = Release|Any CPU
		{1BF407FF-5FAE-4668-89FB-65B85EB19E1D}.Release|Any CPU.Build.0 = Release|Any CPU
	EndGlobalSection
	GlobalSection(SolutionProperties) = preSolution
		HideSolutionNode = FALSE
	EndGlobalSection
	GlobalSection(ExtensibilityGlobals) = postSolution
		SolutionGuid = {88C97945-9FCB-4C59-BD8E-9106607EC4B2}
	EndGlobalSection
EndGlobal
